
Microsoft Visual Studio Solution File, Format Version 12.00
# Visual Studio Version 17
VisualStudioVersion = 17.9.34622.214
MinimumVisualStudioVersion = 10.0.40219.1
Project("{9A19103F-16F7-4668-BE54-9A1E7A4F7556}") = "BethanysPieShopHRM.App", "BethanysPieShopHRM.App\BethanysPieShopHRM.App.csproj", "{5FD23D36-2EC7-4AF6-BED0-E08918E8C94E}"
EndProject
Project("{9A19103F-16F7-4668-BE54-9A1E7A4F7556}") = "BethanysPieShopHRM.Shared", "BethanysPieShopHRM.Shared\BethanysPieShopHRM.Shared.csproj", "{FCC866C5-84C9-45F1-A20E-EFBE220F69E3}"
EndProject
Project("{9A19103F-16F7-4668-BE54-9A1E7A4F7556}") = "BethanysPieShopHRM.Api", "BethanysPieShopHRM.Api\BethanysPieShopHRM.Api.csproj", "{9EFBCC54-E543-4A29-8615-18BFD93AEE8C}"
EndProject
Project("{9A19103F-16F7-4668-BE54-9A1E7A4F7556}") = "DatabindingSample", "DatabindingSample\DatabindingSample.csproj", "{77EEDF2B-D669-428B-ACFB-24C2BED75B7C}"
EndProject
Project("{9A19103F-16F7-4668-BE54-9A1E7A4F7556}") = "BethanysPieShopHRM.ComponentLibrary", "BethanysPieShopHRM.ComponentLibrary\BethanysPieShopHRM.ComponentLibrary.csproj", "{73AB335A-E1BD-40FA-B611-B3AD594515C3}"
EndProject
Global
	GlobalSection(SolutionConfigurationPlatforms) = preSolution
		Debug|Any CPU = Debug|Any CPU
		Release|Any CPU = Release|Any CPU
	EndGlobalSection
	GlobalSection(ProjectConfigurationPlatforms) = postSolution
		{5FD23D36-2EC7-4AF6-BED0-E08918E8C94E}.Debug|Any CPU.ActiveCfg = Debug|Any CPU
		{5FD23D36-2EC7-4AF6-BED0-E08918E8C94E}.Debug|Any CPU.Build.0 = Debug|Any CPU
		{5FD23D36-2EC7-4AF6-BED0-E08918E8C94E}.Release|Any CPU.ActiveCfg = Release|Any CPU
		{5FD23D36-2EC7-4AF6-BED0-E08918E8C94E}.Release|Any CPU.Build.0 = Release|Any CPU
		{FCC866C5-84C9-45F1-A20E-EFBE220F69E3}.Debug|Any CPU.ActiveCfg = Debug|Any CPU
		{FCC866C5-84C9-45F1-A20E-EFBE220F69E3}.Debug|Any CPU.Build.0 = Debug|Any CPU
		{FCC866C5-84C9-45F1-A20E-EFBE220F69E3}.Release|Any CPU.ActiveCfg = Release|Any CPU
		{FCC866C5-84C9-45F1-A20E-EFBE220F69E3}.Release|Any CPU.Build.0 = Release|Any CPU
		{9EFBCC54-E543-4A29-8615-18BFD93AEE8C}.Debug|Any CPU.ActiveCfg = Debug|Any CPU
		{9EFBCC54-E543-4A29-8615-18BFD93AEE8C}.Debug|Any CPU.Build.0 = Debug|Any CPU
		{9EFBCC54-E543-4A29-8615-18BFD93AEE8C}.Release|Any CPU.ActiveCfg = Release|Any CPU
		{9EFBCC54-E543-4A29-8615-18BFD93AEE8C}.Release|Any CPU.Build.0 = Release|Any CPU
		{77EEDF2B-D669-428B-ACFB-24C2BED75B7C}.Debug|Any CPU.ActiveCfg = Debug|Any CPU
		{77EEDF2B-D669-428B-ACFB-24C2BED75B7C}.Debug|Any CPU.Build.0 = Debug|Any CPU
		{77EEDF2B-D669-428B-ACFB-24C2BED75B7C}.Release|Any CPU.ActiveCfg = Release|Any CPU
		{77EEDF2B-D669-428B-ACFB-24C2BED75B7C}.Release|Any CPU.Build.0 = Release|Any CPU
		{73AB335A-E1BD-40FA-B611-B3AD594515C3}.Debug|Any CPU.ActiveCfg = Debug|Any CPU
		{73AB335A-E1BD-40FA-B611-B3AD594515C3}.Debug|Any CPU.Build.0 = Debug|Any CPU
		{73AB335A-E1BD-40FA-B611-B3AD594515C3}.Release|Any CPU.ActiveCfg = Release|Any CPU
		{73AB335A-E1BD-40FA-B611-B3AD594515C3}.Release|Any CPU.Build.0 = Release|Any CPU
	EndGlobalSection
	GlobalSection(SolutionProperties) = preSolution
		HideSolutionNode = FALSE
	EndGlobalSection
	GlobalSection(ExtensibilityGlobals) = postSolution
		SolutionGuid = {E09BA405-1957-4A2E-8881-DABFBA617CD7}
	EndGlobalSection
EndGlobal
