
Microsoft Visual Studio Solution File, Format Version 12.00
# Visual Studio Version 17
VisualStudioVersion = 17.9.34622.214
MinimumVisualStudioVersion = 10.0.40219.1
Project("{FAE04EC0-301F-11D3-BF4B-00C04F79EFBC}") = "BethanysPieShopHRM.App", "BethanysPieShopHRM.App\BethanysPieShopHRM.App.csproj", "{5FD23D36-2EC7-4AF6-BED0-E08918E8C94E}"
EndProject
Global
	GlobalSection(SolutionConfigurationPlatforms) = preSolution
		Debug|Any CPU = Debug|Any CPU
		Release|Any CPU = Release|Any CPU
	EndGlobalSection
	GlobalSection(ProjectConfigurationPlatforms) = postSolution
		{5FD23D36-2EC7-4AF6-BED0-E08918E8C94E}.Debug|Any CPU.ActiveCfg = Debug|Any CPU
		{5FD23D36-2EC7-4AF6-BED0-E08918E8C94E}.Debug|Any CPU.Build.0 = Debug|Any CPU
		{5FD23D36-2EC7-4AF6-BED0-E08918E8C94E}.Release|Any CPU.ActiveCfg = Release|Any CPU
		{5FD23D36-2EC7-4AF6-BED0-E08918E8C94E}.Release|Any CPU.Build.0 = Release|Any CPU
	EndGlobalSection
	GlobalSection(SolutionProperties) = preSolution
		HideSolutionNode = FALSE
	EndGlobalSection
	GlobalSection(ExtensibilityGlobals) = postSolution
		SolutionGuid = {E09BA405-1957-4A2E-8881-DABFBA617CD7}
	EndGlobalSection
EndGlobal
